
Microsoft Visual Studio Solution File, Format Version 12.00
# Visual Studio 15
VisualStudioVersion = 15.0.27004.2002
MinimumVisualStudioVersion = 10.0.40219.1
Project("{FAE04EC0-301F-11D3-BF4B-00C04F79EFBC}") = "RELOCBS", "RELOCBS\RELOCBS.csproj", "{C8B00AAF-9663-4EF8-9873-669D98BF0ECD}"
EndProject
Global
	GlobalSection(SolutionConfigurationPlatforms) = preSolution
		Debug|Any CPU = Debug|Any CPU
		Release|Any CPU = Release|Any CPU
	EndGlobalSection
	GlobalSection(ProjectConfigurationPlatforms) = postSolution
		{C8B00AAF-9663-4EF8-9873-669D98BF0ECD}.Debug|Any CPU.ActiveCfg = Debug|Any CPU
		{C8B00AAF-9663-4EF8-9873-669D98BF0ECD}.Debug|Any CPU.Build.0 = Debug|Any CPU
		{C8B00AAF-9663-4EF8-9873-669D98BF0ECD}.Release|Any CPU.ActiveCfg = Release|Any CPU
		{C8B00AAF-9663-4EF8-9873-669D98BF0ECD}.Release|Any CPU.Build.0 = Release|Any CPU
	EndGlobalSection
	GlobalSection(SolutionProperties) = preSolution
		HideSolutionNode = FALSE
	EndGlobalSection
	GlobalSection(ExtensibilityGlobals) = postSolution
		SolutionGuid = {A5C96655-6C3A-4DCC-8D55-C559BD030760}
	EndGlobalSection
EndGlobal
